
Microsoft Visual Studio Solution File, Format Version 12.00
# Visual Studio Version 17
VisualStudioVersion = 17.14.36203.30 d17.14
MinimumVisualStudioVersion = 10.0.40219.1
Project("{FAE04EC0-301F-11D3-BF4B-00C04F79EFBC}") = "dotnet-webapi-car-wash", "dotnet-webapi-car-wash\dotnet-webapi-car-wash.csproj", "{C15A9032-7242-4833-B82D-1A2F32FED6D2}"
EndProject
Global
	GlobalSection(SolutionConfigurationPlatforms) = preSolution
		Debug|Any CPU = Debug|Any CPU
		Release|Any CPU = Release|Any CPU
	EndGlobalSection
	GlobalSection(ProjectConfigurationPlatforms) = postSolution
		{C15A9032-7242-4833-B82D-1A2F32FED6D2}.Debug|Any CPU.ActiveCfg = Debug|Any CPU
		{C15A9032-7242-4833-B82D-1A2F32FED6D2}.Debug|Any CPU.Build.0 = Debug|Any CPU
		{C15A9032-7242-4833-B82D-1A2F32FED6D2}.Release|Any CPU.ActiveCfg = Release|Any CPU
		{C15A9032-7242-4833-B82D-1A2F32FED6D2}.Release|Any CPU.Build.0 = Release|Any CPU
	EndGlobalSection
	GlobalSection(SolutionProperties) = preSolution
		HideSolutionNode = FALSE
	EndGlobalSection
	GlobalSection(ExtensibilityGlobals) = postSolution
		SolutionGuid = {6A401FA4-7950-4AFB-B9D6-90EF0FE632B7}
	EndGlobalSection
EndGlobal
